
Microsoft Visual Studio Solution File, Format Version 12.00
# Visual Studio 15
VisualStudioVersion = 15.0.26430.15
MinimumVisualStudioVersion = 10.0.40219.1
Project("{2150E333-8FDC-42A3-9474-1A3956D46DE8}") = "Core", "Core", "{4897F6BB-8D98-4F4B-9DED-C78F57C45BA8}"
EndProject
Project("{2150E333-8FDC-42A3-9474-1A3956D46DE8}") = "CrossCutting", "CrossCutting", "{6EF03092-57DC-49A4-B6E4-C41D5BE93913}"
EndProject
Project("{2150E333-8FDC-42A3-9474-1A3956D46DE8}") = "Identity", "Identity", "{0EB2C433-09C3-4AF4-8D5A-9D2A0C5D0682}"
EndProject
Project("{2150E333-8FDC-42A3-9474-1A3956D46DE8}") = "IoC", "IoC", "{B875DE1C-0693-4AC2-8349-A46DAFD07626}"
EndProject
Project("{FAE04EC0-301F-11D3-BF4B-00C04F79EFBC}") = "Domain.Core", "src\Core\Domain.Core.csproj", "{A22C13A3-CE36-4CDF-8F2A-F7CAABB2AC93}"
EndProject
Project("{FAE04EC0-301F-11D3-BF4B-00C04F79EFBC}") = "CrossCutting.Identity", "src\CrossCutting\Identity\CrossCutting.Identity.csproj", "{7E1C82D2-B5D7-4DAD-AEAA-1EDCAA44E316}"
EndProject
Project("{FAE04EC0-301F-11D3-BF4B-00C04F79EFBC}") = "CrossCutting.IoC", "src\CrossCutting\IoC\CrossCutting.IoC.csproj", "{2D4F8361-8EFC-414C-9FDE-57373B629AD7}"
EndProject
Project("{E53339B2-1760-4266-BCC7-CA923CBCF16C}") = "docker-compose", "docker-compose.dcproj", "{F196E64A-B56B-4D82-A41F-2FB1F960604E}"
EndProject
Project("{2150E333-8FDC-42A3-9474-1A3956D46DE8}") = "Stone", "Stone", "{23D5C06E-7B5E-430C-949B-88AF8AEA4A54}"
EndProject
Project("{2150E333-8FDC-42A3-9474-1A3956D46DE8}") = "API", "API", "{D6FAFED7-6707-45C6-AE9D-B4FF2DF64F0F}"
EndProject
Project("{2150E333-8FDC-42A3-9474-1A3956D46DE8}") = "Domain", "Domain", "{56C4B9B4-4E51-4740-AD55-FD2DBE839AD2}"
EndProject
Project("{2150E333-8FDC-42A3-9474-1A3956D46DE8}") = "Data", "Data", "{5AF5445E-3703-42E0-A616-34575C5C7CCC}"
EndProject
Project("{FAE04EC0-301F-11D3-BF4B-00C04F79EFBC}") = "Stone.API", "src\Stone\API\Stone.API\Stone.API.csproj", "{79685F34-5283-42E2-B585-383EA813CDBF}"
EndProject
Project("{FAE04EC0-301F-11D3-BF4B-00C04F79EFBC}") = "Stone.Data", "src\Stone\Data\Stone.Data\Stone.Data.csproj", "{4A93B17B-9F8C-404F-B05A-0F150E925819}"
EndProject
Project("{FAE04EC0-301F-11D3-BF4B-00C04F79EFBC}") = "Stone.Domain", "src\Stone\Domain\Stone.Domain\Stone.Domain.csproj", "{98B01FED-0923-4149-BE85-2DE9608EF343}"
EndProject
Project("{2150E333-8FDC-42A3-9474-1A3956D46DE8}") = "Tests", "Tests", "{EF57B810-525C-4993-A27F-23D142F93649}"
EndProject
Project("{FAE04EC0-301F-11D3-BF4B-00C04F79EFBC}") = "Stone.Tests", "Stone.Tests\Stone.Tests.csproj", "{F5E25D12-B0B5-4451-AB67-00DE8CC0ABDD}"
EndProject
Global
	GlobalSection(SolutionConfigurationPlatforms) = preSolution
		Debug|Any CPU = Debug|Any CPU
		Release|Any CPU = Release|Any CPU
	EndGlobalSection
	GlobalSection(ProjectConfigurationPlatforms) = postSolution
		{A22C13A3-CE36-4CDF-8F2A-F7CAABB2AC93}.Debug|Any CPU.ActiveCfg = Debug|Any CPU
		{A22C13A3-CE36-4CDF-8F2A-F7CAABB2AC93}.Debug|Any CPU.Build.0 = Debug|Any CPU
		{A22C13A3-CE36-4CDF-8F2A-F7CAABB2AC93}.Release|Any CPU.ActiveCfg = Release|Any CPU
		{A22C13A3-CE36-4CDF-8F2A-F7CAABB2AC93}.Release|Any CPU.Build.0 = Release|Any CPU
		{7E1C82D2-B5D7-4DAD-AEAA-1EDCAA44E316}.Debug|Any CPU.ActiveCfg = Debug|Any CPU
		{7E1C82D2-B5D7-4DAD-AEAA-1EDCAA44E316}.Debug|Any CPU.Build.0 = Debug|Any CPU
		{7E1C82D2-B5D7-4DAD-AEAA-1EDCAA44E316}.Release|Any CPU.ActiveCfg = Release|Any CPU
		{7E1C82D2-B5D7-4DAD-AEAA-1EDCAA44E316}.Release|Any CPU.Build.0 = Release|Any CPU
		{2D4F8361-8EFC-414C-9FDE-57373B629AD7}.Debug|Any CPU.ActiveCfg = Debug|Any CPU
		{2D4F8361-8EFC-414C-9FDE-57373B629AD7}.Debug|Any CPU.Build.0 = Debug|Any CPU
		{2D4F8361-8EFC-414C-9FDE-57373B629AD7}.Release|Any CPU.ActiveCfg = Release|Any CPU
		{2D4F8361-8EFC-414C-9FDE-57373B629AD7}.Release|Any CPU.Build.0 = Release|Any CPU
		{F196E64A-B56B-4D82-A41F-2FB1F960604E}.Debug|Any CPU.ActiveCfg = Debug|Any CPU
		{F196E64A-B56B-4D82-A41F-2FB1F960604E}.Debug|Any CPU.Build.0 = Debug|Any CPU
		{F196E64A-B56B-4D82-A41F-2FB1F960604E}.Release|Any CPU.ActiveCfg = Release|Any CPU
		{F196E64A-B56B-4D82-A41F-2FB1F960604E}.Release|Any CPU.Build.0 = Release|Any CPU
		{79685F34-5283-42E2-B585-383EA813CDBF}.Debug|Any CPU.ActiveCfg = Debug|Any CPU
		{79685F34-5283-42E2-B585-383EA813CDBF}.Debug|Any CPU.Build.0 = Debug|Any CPU
		{79685F34-5283-42E2-B585-383EA813CDBF}.Release|Any CPU.ActiveCfg = Release|Any CPU
		{79685F34-5283-42E2-B585-383EA813CDBF}.Release|Any CPU.Build.0 = Release|Any CPU
		{4A93B17B-9F8C-404F-B05A-0F150E925819}.Debug|Any CPU.ActiveCfg = Debug|Any CPU
		{4A93B17B-9F8C-404F-B05A-0F150E925819}.Debug|Any CPU.Build.0 = Debug|Any CPU
		{4A93B17B-9F8C-404F-B05A-0F150E925819}.Release|Any CPU.ActiveCfg = Release|Any CPU
		{4A93B17B-9F8C-404F-B05A-0F150E925819}.Release|Any CPU.Build.0 = Release|Any CPU
		{98B01FED-0923-4149-BE85-2DE9608EF343}.Debug|Any CPU.ActiveCfg = Debug|Any CPU
		{98B01FED-0923-4149-BE85-2DE9608EF343}.Debug|Any CPU.Build.0 = Debug|Any CPU
		{98B01FED-0923-4149-BE85-2DE9608EF343}.Release|Any CPU.ActiveCfg = Release|Any CPU
		{98B01FED-0923-4149-BE85-2DE9608EF343}.Release|Any CPU.Build.0 = Release|Any CPU
		{F5E25D12-B0B5-4451-AB67-00DE8CC0ABDD}.Debug|Any CPU.ActiveCfg = Debug|Any CPU
		{F5E25D12-B0B5-4451-AB67-00DE8CC0ABDD}.Debug|Any CPU.Build.0 = Debug|Any CPU
		{F5E25D12-B0B5-4451-AB67-00DE8CC0ABDD}.Release|Any CPU.ActiveCfg = Release|Any CPU
		{F5E25D12-B0B5-4451-AB67-00DE8CC0ABDD}.Release|Any CPU.Build.0 = Release|Any CPU
	EndGlobalSection
	GlobalSection(SolutionProperties) = preSolution
		HideSolutionNode = FALSE
	EndGlobalSection
	GlobalSection(NestedProjects) = preSolution
		{0EB2C433-09C3-4AF4-8D5A-9D2A0C5D0682} = {6EF03092-57DC-49A4-B6E4-C41D5BE93913}
		{B875DE1C-0693-4AC2-8349-A46DAFD07626} = {6EF03092-57DC-49A4-B6E4-C41D5BE93913}
		{A22C13A3-CE36-4CDF-8F2A-F7CAABB2AC93} = {4897F6BB-8D98-4F4B-9DED-C78F57C45BA8}
		{7E1C82D2-B5D7-4DAD-AEAA-1EDCAA44E316} = {0EB2C433-09C3-4AF4-8D5A-9D2A0C5D0682}
		{2D4F8361-8EFC-414C-9FDE-57373B629AD7} = {B875DE1C-0693-4AC2-8349-A46DAFD07626}
		{D6FAFED7-6707-45C6-AE9D-B4FF2DF64F0F} = {23D5C06E-7B5E-430C-949B-88AF8AEA4A54}
		{56C4B9B4-4E51-4740-AD55-FD2DBE839AD2} = {23D5C06E-7B5E-430C-949B-88AF8AEA4A54}
		{5AF5445E-3703-42E0-A616-34575C5C7CCC} = {23D5C06E-7B5E-430C-949B-88AF8AEA4A54}
		{79685F34-5283-42E2-B585-383EA813CDBF} = {D6FAFED7-6707-45C6-AE9D-B4FF2DF64F0F}
		{4A93B17B-9F8C-404F-B05A-0F150E925819} = {5AF5445E-3703-42E0-A616-34575C5C7CCC}
		{98B01FED-0923-4149-BE85-2DE9608EF343} = {56C4B9B4-4E51-4740-AD55-FD2DBE839AD2}
		{EF57B810-525C-4993-A27F-23D142F93649} = {23D5C06E-7B5E-430C-949B-88AF8AEA4A54}
		{F5E25D12-B0B5-4451-AB67-00DE8CC0ABDD} = {EF57B810-525C-4993-A27F-23D142F93649}
	EndGlobalSection
EndGlobal
